
Microsoft Visual Studio Solution File, Format Version 12.00
# Visual Studio Version 16
VisualStudioVersion = 16.0.30717.126
MinimumVisualStudioVersion = 10.0.40219.1
Project("{FAE04EC0-301F-11D3-BF4B-00C04F79EFBC}") = "SampleApp1", "SampleApp1\SampleApp1.csproj", "{368D2B38-D995-4638-B21E-2BF87FF89A5B}"
EndProject
Global
	GlobalSection(SolutionConfigurationPlatforms) = preSolution
		Debug|Any CPU = Debug|Any CPU
		Release|Any CPU = Release|Any CPU
	EndGlobalSection
	GlobalSection(ProjectConfigurationPlatforms) = postSolution
		{368D2B38-D995-4638-B21E-2BF87FF89A5B}.Debug|Any CPU.ActiveCfg = Debug|Any CPU
		{368D2B38-D995-4638-B21E-2BF87FF89A5B}.Debug|Any CPU.Build.0 = Debug|Any CPU
		{368D2B38-D995-4638-B21E-2BF87FF89A5B}.Release|Any CPU.ActiveCfg = Release|Any CPU
		{368D2B38-D995-4638-B21E-2BF87FF89A5B}.Release|Any CPU.Build.0 = Release|Any CPU
	EndGlobalSection
	GlobalSection(SolutionProperties) = preSolution
		HideSolutionNode = FALSE
	EndGlobalSection
	GlobalSection(ExtensibilityGlobals) = postSolution
		SolutionGuid = {99CBACCC-CBB1-4C44-B13C-F9C3DB7C361A}
	EndGlobalSection
EndGlobal
